
Microsoft Visual Studio Solution File, Format Version 12.00
# Visual Studio Version 16
VisualStudioVersion = 16.0.31624.102
MinimumVisualStudioVersion = 10.0.40219.1
Project("{FAE04EC0-301F-11D3-BF4B-00C04F79EFBC}") = "BooleanLogicalOperators", "BooleanLogicalOperators\BooleanLogicalOperators.csproj", "{C2355D8F-7960-4DE9-B833-5462A413C6D2}"
EndProject
Project("{FAE04EC0-301F-11D3-BF4B-00C04F79EFBC}") = "LogIn", "LogIn\LogIn.csproj", "{E749E9FD-F517-43C1-B5BE-DF92F3A1537E}"
EndProject
Global
	GlobalSection(SolutionConfigurationPlatforms) = preSolution
		Debug|Any CPU = Debug|Any CPU
		Release|Any CPU = Release|Any CPU
	EndGlobalSection
	GlobalSection(ProjectConfigurationPlatforms) = postSolution
		{C2355D8F-7960-4DE9-B833-5462A413C6D2}.Debug|Any CPU.ActiveCfg = Debug|Any CPU
		{C2355D8F-7960-4DE9-B833-5462A413C6D2}.Debug|Any CPU.Build.0 = Debug|Any CPU
		{C2355D8F-7960-4DE9-B833-5462A413C6D2}.Release|Any CPU.ActiveCfg = Release|Any CPU
		{C2355D8F-7960-4DE9-B833-5462A413C6D2}.Release|Any CPU.Build.0 = Release|Any CPU
		{E749E9FD-F517-43C1-B5BE-DF92F3A1537E}.Debug|Any CPU.ActiveCfg = Debug|Any CPU
		{E749E9FD-F517-43C1-B5BE-DF92F3A1537E}.Debug|Any CPU.Build.0 = Debug|Any CPU
		{E749E9FD-F517-43C1-B5BE-DF92F3A1537E}.Release|Any CPU.ActiveCfg = Release|Any CPU
		{E749E9FD-F517-43C1-B5BE-DF92F3A1537E}.Release|Any CPU.Build.0 = Release|Any CPU
	EndGlobalSection
	GlobalSection(SolutionProperties) = preSolution
		HideSolutionNode = FALSE
	EndGlobalSection
	GlobalSection(ExtensibilityGlobals) = postSolution
		SolutionGuid = {ED215C8B-9302-43B2-8059-2BE646216F38}
	EndGlobalSection
EndGlobal
